version: 7
platforms:
- name: osx-arm64
  virtual-packages:
  - __unix=0=0
  - __osx=13.0
  - __archspec=0=m1
environments:
  default:
    channels:
    - url: https://conda.modular.com/max-nightly/
    - url: https://conda.modular.com/max/
    - url: https://conda.anaconda.org/conda-forge/
    packages:
      osx-arm64:
      - conda: https://conda.anaconda.org/conda-forge/noarch/_python_abi3_support-1.0-hd8ed1ab_3.conda
      - conda: https://conda.anaconda.org/conda-forge/noarch/ca-certificates-2026.7.22-hbd8a1cb_0.conda
      - conda: https://conda.anaconda.org/conda-forge/noarch/click-8.4.2-pyhc90fa1f_0.conda
      - conda: https://conda.anaconda.org/conda-forge/noarch/cpython-3.14.7-py314hd8ed1ab_103.conda
      - conda: https://conda.anaconda.org/conda-forge/noarch/importlib-metadata-9.0.1-pyhcf101f3_0.conda
      - conda: https://conda.anaconda.org/conda-forge/noarch/jupyter_client-8.6.3-pyhd8ed1ab_1.conda
      - conda: https://conda.anaconda.org/conda-forge/noarch/jupyter_core-5.9.1-pyhc90fa1f_0.conda
      - conda: https://conda.anaconda.org/conda-forge/noarch/mypy_extensions-1.1.0-pyha770c72_0.conda
      - conda: https://conda.anaconda.org/conda-forge/noarch/packaging-26.3-pyhc364b38_0.conda
      - conda: https://conda.anaconda.org/conda-forge/noarch/pathspec-1.1.1-pyhd8ed1ab_0.conda
      - conda: https://conda.anaconda.org/conda-forge/noarch/platformdirs-4.11.5-pyhcf101f3_0.conda
      - conda: https://conda.anaconda.org/conda-forge/noarch/python-dateutil-2.9.0.post0-pyhe01879c_2.conda
      - conda: https://conda.anaconda.org/conda-forge/noarch/python-gil-3.14.7-h4df99d1_103.conda
      - conda: https://conda.anaconda.org/conda-forge/noarch/python_abi-3.14-8_cp314.conda
      - conda: https://conda.anaconda.org/conda-forge/noarch/six-1.17.0-pyhe01879c_1.conda
      - conda: https://conda.anaconda.org/conda-forge/noarch/tomli-2.4.1-pyhcf101f3_0.conda
      - conda: https://conda.anaconda.org/conda-forge/noarch/traitlets-5.16.1-pyhcf101f3_0.conda
      - conda: https://conda.anaconda.org/conda-forge/noarch/tzdata-2026c-h151e31d_0.conda
      - conda: https://conda.anaconda.org/conda-forge/noarch/zipp-4.1.0-pyhcf101f3_0.conda
      - conda: https://conda.anaconda.org/conda-forge/osx-arm64/bzip2-1.0.8-h4e30115_10.conda
      - conda: https://conda.anaconda.org/conda-forge/osx-arm64/icu-78.3-py310h579977c_2.conda
      - conda: https://conda.anaconda.org/conda-forge/osx-arm64/krb5-1.22.2-h34f8a20_2.conda
      - conda: https://conda.anaconda.org/conda-forge/osx-arm64/libcxx-23.1.0-h55c6f16_0.conda
      - conda: https://conda.anaconda.org/conda-forge/osx-arm64/libedit-3.1.20250104-pl5321h26f1114_1.conda
      - conda: https://conda.anaconda.org/conda-forge/osx-arm64/libexpat-2.8.1-hf6b4638_1.conda
      - conda: https://conda.anaconda.org/conda-forge/osx-arm64/libffi-3.7.0-h47dc5ef_1.conda
      - conda: https://conda.anaconda.org/conda-forge/osx-arm64/liblzma-5.8.3-h8088a28_1.conda
      - conda: https://conda.anaconda.org/conda-forge/osx-arm64/libmpdec-4.0.0-h84a0fba_2.conda
      - conda: https://conda.anaconda.org/conda-forge/osx-arm64/libpython-3.14.7-h4311e70_103_cp314.conda
      - conda: https://conda.anaconda.org/conda-forge/osx-arm64/libsodium-1.0.22-h74c22ad_2.conda
      - conda: https://conda.anaconda.org/conda-forge/osx-arm64/libsqlite-3.53.4-hca69786_1.conda
      - conda: https://conda.anaconda.org/conda-forge/osx-arm64/libzlib-1.3.2-h8088a28_3.conda
      - conda: https://conda.anaconda.org/conda-forge/osx-arm64/ncurses-6.6-he64c551_1.conda
      - conda: https://conda.anaconda.org/conda-forge/osx-arm64/openssl-3.6.4-h55eecbc_0.conda
      - conda: https://conda.anaconda.org/conda-forge/osx-arm64/python-3.14.7-h0ae1c2c_103_cp314.conda
      - conda: https://conda.anaconda.org/conda-forge/osx-arm64/pyzmq-27.2.0-py312hcedbef1_0.conda
      - conda: https://conda.anaconda.org/conda-forge/osx-arm64/readline-8.3-h8b90a29_1.conda
      - conda: https://conda.anaconda.org/conda-forge/osx-arm64/tk-8.6.13-hbeba79b_4.conda
      - conda: https://conda.anaconda.org/conda-forge/osx-arm64/tornado-6.5.8-py314h6c2aa35_0.conda
      - conda: https://conda.anaconda.org/conda-forge/osx-arm64/zeromq-4.3.5-h10816f8_11.conda
      - conda: https://conda.anaconda.org/conda-forge/osx-arm64/zstd-1.5.7-hf451053_7.conda
      - conda: https://conda.modular.com/max-nightly/noarch/mblack-26.6.0.dev2026083005-release.conda
      - conda: https://conda.modular.com/max-nightly/noarch/mojo-python-1.1.0.dev2026083005-release.conda
      - conda: https://conda.modular.com/max-nightly/osx-arm64/mojo-1.1.0.dev2026083005-release.conda
      - conda: https://conda.modular.com/max-nightly/osx-arm64/mojo-compiler-1.1.0.dev2026083005-release.conda
packages:
- conda: https://conda.anaconda.org/conda-forge/noarch/_python_abi3_support-1.0-hd8ed1ab_3.conda
  sha256: 2a7204314663eeda5dec482a956f0e2eaf289bd5b9953eaaaad0e81aa64638f2
  md5: 3845f3d75991bae0fb90884662f4327c
  depends:
  - cpython
  - python-gil
  license: MIT
  license_family: MIT
  run_exports: {}
  size: 8144
  timestamp: 1784221492234
- conda: https://conda.anaconda.org/conda-forge/noarch/ca-certificates-2026.7.22-hbd8a1cb_0.conda
  sha256: 0a0544cf95f64394fe4959286f5c71f5444ad58feb0602e53becb27448d24da6
  md5: 0f51e2391ade309db462a55611263e9c
  depends:
  - __unix
  license: ISC
  run_exports: {}
  size: 131780
  timestamp: 1784754889428
- conda: https://conda.anaconda.org/conda-forge/noarch/click-8.4.2-pyhc90fa1f_0.conda
  sha256: ccc4787f511964f9a1f2d2d2859c91c5d571fb60f7f09d4c4e092c9b7a94e671
  md5: 2c4bd6aeb90bb157456841c3270a0d92
  depends:
  - __unix
  - python
  - python >=3.10
  license: BSD-3-Clause
  license_family: BSD
  run_exports: {}
  size: 107155
  timestamp: 1783085363526
- conda: https://conda.anaconda.org/conda-forge/noarch/cpython-3.14.7-py314hd8ed1ab_103.conda
  noarch: generic
  sha256: 82325557c32758a69b2a677b665bf3e1a226443441a79036bfcfa4ac3499de71
  md5: c9c23e9ecf35a2ef1583866d8a32c496
  depends:
  - python >=3.14,<3.15.0a0
  - python_abi * *_cp314
  license: Python-2.0
  run_exports: {}
  size: 51230
  timestamp: 1788139154097
- conda: https://conda.anaconda.org/conda-forge/noarch/importlib-metadata-9.0.1-pyhcf101f3_0.conda
  sha256: 95a074a7d3f58b3494c068d4789c364dcb591c56b70ca6b12f149a540f9aeea4
  md5: 77ec68e0aa61c3fff9ecbf840f93d64e
  depends:
  - python >=3.10
  - zipp >=3.20
  - python
  license: Apache-2.0
  run_exports: {}
  size: 34920
  timestamp: 1787943971257
- conda: https://conda.anaconda.org/conda-forge/noarch/jupyter_client-8.6.3-pyhd8ed1ab_1.conda
  sha256: 19d8bd5bb2fde910ec59e081eeb59529491995ce0d653a5209366611023a0b3a
  md5: 4ebae00eae9705b0c3d6d1018a81d047
  depends:
  - importlib-metadata >=4.8.3
  - jupyter_core >=4.12,!=5.0.*
  - python >=3.9
  - python-dateutil >=2.8.2
  - pyzmq >=23.0
  - tornado >=6.2
  - traitlets >=5.3
  license: BSD-3-Clause
  license_family: BSD
  run_exports: {}
  size: 106342
  timestamp: 1733441040958
- conda: https://conda.anaconda.org/conda-forge/noarch/jupyter_core-5.9.1-pyhc90fa1f_0.conda
  sha256: 1d34b80e5bfcd5323f104dbf99a2aafc0e5d823019d626d0dce5d3d356a2a52a
  md5: b38fe4e78ee75def7e599843ef4c1ab0
  depends:
  - __unix
  - python
  - platformdirs >=2.5
  - python >=3.10
  - traitlets >=5.3
  - python
  constrains:
  - pywin32 >=300
  license: BSD-3-Clause
  license_family: BSD
  run_exports: {}
  size: 65503
  timestamp: 1760643864586
- conda: https://conda.anaconda.org/conda-forge/noarch/mypy_extensions-1.1.0-pyha770c72_0.conda
  sha256: 6ed158e4e5dd8f6a10ad9e525631e35cee8557718f83de7a4e3966b1f772c4b1
  md5: e9c622e0d00fa24a6292279af3ab6d06
  depends:
  - python >=3.9
  license: MIT
  license_family: MIT
  run_exports: {}
  size: 11766
  timestamp: 1745776666688
- conda: https://conda.anaconda.org/conda-forge/noarch/packaging-26.3-pyhc364b38_0.conda
  sha256: c432626b16768b8dab228bfb706f7060c2d462a21c516d240f68f2f902b5a044
  md5: 936687ed80f295a1f5dbcf8bd34c252c
  depends:
  - python >=3.9
  - python
  license: Apache-2.0
  license_family: APACHE
  run_exports: {}
  size: 116363
  timestamp: 1785888127370
- conda: https://conda.anaconda.org/conda-forge/noarch/pathspec-1.1.1-pyhd8ed1ab_0.conda
  sha256: 6eaee417d33f298db79bc7185ab1208604c0e6cf51dade34cd513c6f9db9c6f3
  md5: 11adc78451c998c0fd162584abfa3559
  depends:
  - python >=3.10
  license: MPL-2.0
  license_family: MOZILLA
  run_exports: {}
  size: 56559
  timestamp: 1777271601895
- conda: https://conda.anaconda.org/conda-forge/noarch/platformdirs-4.11.5-pyhcf101f3_0.conda
  sha256: 4496a7e0b584a388b3580ab594a4f384696ab7d702282588fd33a7ee38af983c
  md5: 152ec36401f710145a7db03475594410
  depends:
  - python >=3.10
  - python
  license: MIT
  run_exports: {}
  size: 27461
  timestamp: 1787881635603
- conda: https://conda.anaconda.org/conda-forge/noarch/python-dateutil-2.9.0.post0-pyhe01879c_2.conda
  sha256: d6a17ece93bbd5139e02d2bd7dbfa80bee1a4261dced63f65f679121686bf664
  md5: 5b8d21249ff20967101ffa321cab24e8
  depends:
  - python >=3.9
  - six >=1.5
  - python
  license: Apache-2.0
  license_family: APACHE
  run_exports: {}
  size: 233310
  timestamp: 1751104122689
- conda: https://conda.anaconda.org/conda-forge/noarch/python-gil-3.14.7-h4df99d1_103.conda
  sha256: 93c7a7c78a9172fe19e1d4160b4e1258a743899ee1134f761b32d35ae22f84fa
  md5: 16acdf785adc975dca984aa02117afb8
  depends:
  - cpython 3.14.7.*
  - python_abi * *_cp314
  license: Python-2.0
  run_exports: {}
  size: 51210
  timestamp: 1788139162479
- conda: https://conda.anaconda.org/conda-forge/noarch/python_abi-3.14-8_cp314.conda
  build_number: 8
  sha256: ad6d2e9ac39751cc0529dd1566a26751a0bf2542adb0c232533d32e176e21db5
  md5: 0539938c55b6b1a59b560e843ad864a4
  constrains:
  - python 3.14.* *_cp314
  license: BSD-3-Clause
  license_family: BSD
  run_exports: {}
  size: 6989
  timestamp: 1752805904792
- conda: https://conda.anaconda.org/conda-forge/noarch/six-1.17.0-pyhe01879c_1.conda
  sha256: 458227f759d5e3fcec5d9b7acce54e10c9e1f4f4b7ec978f3bfd54ce4ee9853d
  md5: 3339e3b65d58accf4ca4fb8748ab16b3
  depends:
  - python >=3.9
  - python
  license: MIT
  license_family: MIT
  run_exports: {}
  size: 18455
  timestamp: 1753199211006
- conda: https://conda.anaconda.org/conda-forge/noarch/tomli-2.4.1-pyhcf101f3_0.conda
  sha256: 91cafdb64268e43e0e10d30bd1bef5af392e69f00edd34dfaf909f69ab2da6bd
  md5: b5325cf06a000c5b14970462ff5e4d58
  depends:
  - python >=3.10
  - python
  license: MIT
  license_family: MIT
  run_exports: {}
  size: 21561
  timestamp: 1774492402955
- conda: https://conda.anaconda.org/conda-forge/noarch/traitlets-5.16.1-pyhcf101f3_0.conda
  sha256: 03dba5917f944c6684ab44c81daacac1624cd148e4b2cae215dcec594a210c48
  md5: a79bf97561232a31447b6246c2153ab5
  depends:
  - python >=3.10
  - python
  license: BSD-3-Clause
  license_family: BSD
  run_exports: {}
  size: 116935
  timestamp: 1785761789772
- conda: https://conda.anaconda.org/conda-forge/noarch/tzdata-2026c-h151e31d_0.conda
  sha256: b928c30ddcb0e3f544c6eade8352737e6e610e263276b90232db6a578ef899d8
  md5: fcb489df604d100968b737f2cb6076c6
  license: LicenseRef-Public-Domain
  run_exports: {}
  size: 118849
  timestamp: 1784250406640
- conda: https://conda.anaconda.org/conda-forge/noarch/zipp-4.1.0-pyhcf101f3_0.conda
  sha256: 210bd31c22bb88f5e2a167df24c95bb5f152b2ada7502f9b8c49d1f5366db423
  md5: ba3dcdc8584155c97c648ae9c044b7a3
  depends:
  - python >=3.10
  - python
  license: MIT
  license_family: MIT
  run_exports: {}
  size: 24190
  timestamp: 1779159948016
- conda: https://conda.anaconda.org/conda-forge/osx-arm64/bzip2-1.0.8-h4e30115_10.conda
  sha256: 8ec22f0ba25cbfc2e64d70cf29459eccd7ffdf6436f6a6ff15bbfef799f7d4f6
  md5: b50612e7d190b8061ab4e7dc119cf4d5
  depends:
  - __osx >=11.0
  license: bzip2-1.0.6
  license_family: BSD
  run_exports:
    weak:
    - bzip2 >=1.0.8,<2.0a0
  size: 124965
  timestamp: 1785906749812
- conda: https://conda.anaconda.org/conda-forge/osx-arm64/icu-78.3-py310h579977c_2.conda
  sha256: 6cdb5dee54c72e56ab189fb3ad33cb28533553d42590e7e831160248f4416a43
  md5: a5efc0b42bb8b42e97d0a29ae3e3c187
  depends:
  - __osx >=11.0
  license: MIT
  license_family: MIT
  run_exports:
    weak:
    - icu >=78.3,<79.0a0
  size: 14070242
  timestamp: 1786545847761
- conda: https://conda.anaconda.org/conda-forge/osx-arm64/krb5-1.22.2-h34f8a20_2.conda
  sha256: aaea1d42b07769920db2af7471ece9399d2613448863da64ad8272998db5db34
  md5: 15235dd10450d67bc25ccafd5b46d2bc
  depends:
  - __osx >=11.0
  - libcxx >=21
  - libedit >=3.1.20250104,<3.2.0a0
  - libedit >=3.1.20250104,<4.0a0
  - openssl >=3.5.7,<4.0a0
  license: MIT
  license_family: MIT
  run_exports:
    weak:
    - krb5 >=1.22.2,<1.23.0a0
  size: 1165740
  timestamp: 1786762145768
- conda: https://conda.anaconda.org/conda-forge/osx-arm64/libcxx-23.1.0-h55c6f16_0.conda
  sha256: d3e5f0b767964af25ef81edffc002f8e822b1a5c55330da1ae3a857f70c4e4ee
  md5: 5303ba06fab927399ed8dfb3227b0af8
  depends:
  - __osx >=11.0
  license: Apache-2.0 WITH LLVM-exception
  license_family: Apache
  run_exports: {}
  size: 575940
  timestamp: 1787698697875
- conda: https://conda.anaconda.org/conda-forge/osx-arm64/libedit-3.1.20250104-pl5321h26f1114_1.conda
  sha256: 257c926f19e32bdb981fc674c76966049b6fc73f706bae58e9fed8757ad1da70
  md5: 843ef89082f368cb889305084d3b483c
  depends:
  - ncurses
  - __osx >=11.0
  - ncurses >=6.6,<7.0a0
  license: BSD-2-Clause
  license_family: BSD
  run_exports:
    weak:
    - libedit >=3.1.20250104,<3.2.0a0
  size: 107742
  timestamp: 1786616721640
- conda: https://conda.anaconda.org/conda-forge/osx-arm64/libexpat-2.8.1-hf6b4638_1.conda
  sha256: 5af74261101e3c777399c6294b2b5d290e508153268eb2e9ff99c4d69834612f
  md5: a915151d5d3c5bf039f5ccc8402a436f
  depends:
  - __osx >=11.0
  constrains:
  - expat 2.8.1.*
  license: MIT
  license_family: MIT
  run_exports: {}
  size: 69362
  timestamp: 1781203631990
- conda: https://conda.anaconda.org/conda-forge/osx-arm64/libffi-3.7.0-h47dc5ef_1.conda
  sha256: 2783389a7b9dda04c62cc54c6bbeb03dd3cef24b3fc642715d02a3fa19464a9a
  md5: 216bbcc23c11e9695b3db4a8771d76eb
  depends:
  - __osx >=11.0
  license: MIT
  license_family: MIT
  run_exports:
    weak:
    - libffi >=3.7.0,<3.8.0a0
  size: 43637
  timestamp: 1787753403688
- conda: https://conda.anaconda.org/conda-forge/osx-arm64/liblzma-5.8.3-h8088a28_1.conda
  sha256: 23d0630046a3e8b164d8f80f2b74ed2605af2e7050ab9913018056402fae4311
  md5: 8ab10323068b107661a4b9a4af84f3b5
  depends:
  - __osx >=11.0
  constrains:
  - xz 5.8.3.*
  license: 0BSD
  run_exports:
    weak:
    - liblzma >=5.8.3,<6.0a0
  size: 91720
  timestamp: 1786348695846
- conda: https://conda.anaconda.org/conda-forge/osx-arm64/libmpdec-4.0.0-h84a0fba_2.conda
  sha256: 04cc136c5a956a73aa14e0a160b5822b0b29714e67b299fa1b1fd16dbcba5366
  md5: ff33a4dbd93abc8a798cc4e0e7c8136d
  depends:
  - __osx >=11.0
  license: BSD-2-Clause
  license_family: BSD
  run_exports: {}
  size: 73289
  timestamp: 1786651074391
- conda: https://conda.anaconda.org/conda-forge/osx-arm64/libpython-3.14.7-h4311e70_103_cp314.conda
  build_number: 103
  sha256: 7b6db7402f144d11a106dc660514d9aa9a11ec77bab4d1bd18a1b03befb8dfcc
  md5: f89fa6e3b18a04435c9103d36c643013
  depends:
  - __osx >=11.0
  - libcxx >=20
  license: Python-2.0
  run_exports: {}
  size: 1882181
  timestamp: 1788139218064
- conda: https://conda.anaconda.org/conda-forge/osx-arm64/libsodium-1.0.22-h74c22ad_2.conda
  sha256: 1cc97c217b103145e67ae6f928d0ae11ebc56879dfd10d739539624f0de80f86
  md5: ea78b9246e47aade6c94db52b1c9b5a4
  depends:
  - __osx >=11.0
  license: ISC
  run_exports:
    weak:
    - libsodium >=1.0.22,<1.0.23.0a0
  size: 249624
  timestamp: 1787225816699
- conda: https://conda.anaconda.org/conda-forge/osx-arm64/libsqlite-3.53.4-hca69786_1.conda
  sha256: 839b31d4830e896b4d315b551d27f2bb08026bc946df04bcc360d8627c3ba2cd
  md5: fde96d40ebe9a9cb34e4122380189ddb
  depends:
  - __osx >=11.0
  - icu >=78.3,<79.0a0
  - libzlib >=1.3.2,<2.0a0
  license: blessing
  run_exports:
    weak:
    - libsqlite >=3.53.4,<4.0a0
  size: 942754
  timestamp: 1787051243846
- conda: https://conda.anaconda.org/conda-forge/osx-arm64/libzlib-1.3.2-h8088a28_3.conda
  sha256: a18fa5d5bac452401459f966cf0d872224e8080c4ff93c77e168d43ab42ef9d7
  md5: f39288f0ea63ae962e1a2e4f355a0d75
  depends:
  - __osx >=11.0
  constrains:
  - zlib 1.3.2 *_3
  license: Zlib
  license_family: Other
  run_exports:
    weak:
    - libzlib >=1.3.2,<2.0a0
  size: 47822
  timestamp: 1785277049190
- conda: https://conda.anaconda.org/conda-forge/osx-arm64/ncurses-6.6-he64c551_1.conda
  sha256: 7024a48c8c0d0114ed4ab53c76bf9275d50e91ba7cea367a9aead638d3c29c68
  md5: 3dfa0d0316dc246cd44937a557de4501
  depends:
  - __osx >=11.0
  license: X11 AND BSD-3-Clause
  run_exports:
    weak:
    - ncurses >=6.6,<7.0a0
  size: 804298
  timestamp: 1786355189145
- conda: https://conda.anaconda.org/conda-forge/osx-arm64/openssl-3.6.4-h55eecbc_0.conda
  sha256: f23239eacd75c4c50705e68fae1aa3292da473e6a3a4abe2330f1e6afa680704
  md5: ae71ab40048c19a389a7dcccb86c2481
  depends:
  - __osx >=11.0
  - ca-certificates
  license: Apache-2.0
  license_family: Apache
  run_exports:
    weak:
    - openssl >=3.6.4,<4.0a0
  size: 3110142
  timestamp: 1787698648639
- conda: https://conda.anaconda.org/conda-forge/osx-arm64/python-3.14.7-h0ae1c2c_103_cp314.conda
  build_number: 103
  sha256: 5e7dee289078c4e35614c6cc8e74367870f9d8cb19abe31be09103ef27b577f6
  md5: 49564e3b74d72ed5db2aed5a934daebc
  depends:
  - __osx >=11.0
  - bzip2 >=1.0.8,<2.0a0
  - libexpat >=2.8.1,<3.0a0
  - libffi >=3.7.0,<3.8.0a0
  - liblzma >=5.8.3,<6.0a0
  - libmpdec >=4.0.0,<5.0a0
  - libpython 3.14.7 h4311e70_103_cp314
  - libsqlite >=3.53.4,<4.0a0
  - libzlib >=1.3.2,<2.0a0
  - ncurses >=6.6,<7.0a0
  - openssl >=3.5.8,<4.0a0
  - python_abi 3.14.* *_cp314
  - readline >=8.3,<9.0a0
  - tk >=8.6.13,<8.7.0a0
  - tzdata
  - zstd >=1.5.7,<1.6.0a0
  license: Python-2.0
  run_exports:
    weak:
    - python_abi 3.14.* *_cp314
    noarch:
    - python
  size: 12397994
  timestamp: 1788139251079
  python_site_packages_path: lib/python3.14/site-packages
- conda: https://conda.anaconda.org/conda-forge/osx-arm64/pyzmq-27.2.0-py312hcedbef1_0.conda
  noarch: python
  sha256: de17d16785e44ea075ba0912ad4618db3438a3cf79c13249b1646ac4e616ea35
  md5: 52d1e1fe1463e21e34be9b8c2bf6c96c
  depends:
  - python
  - __osx >=11.0
  - libcxx >=21
  - _python_abi3_support 1.*
  - cpython >=3.12
  - zeromq >=4.3.5,<4.4.0a0
  license: BSD-3-Clause
  license_family: BSD
  run_exports: {}
  size: 195379
  timestamp: 1787301084171
- conda: https://conda.anaconda.org/conda-forge/osx-arm64/readline-8.3-h8b90a29_1.conda
  sha256: d6782b430e6dce4fe8c7ac118cd988d5a193eb4a7f60741edfaede58016b6110
  md5: 9347fd56a002e6b58946831d48fe62f6
  depends:
  - __osx >=11.0
  - ncurses >=6.6,<7.0a0
  license: GPL-3.0-only
  license_family: GPL
  run_exports:
    weak:
    - readline >=8.3,<9.0a0
  size: 314395
  timestamp: 1787033878899
- conda: https://conda.anaconda.org/conda-forge/osx-arm64/tk-8.6.13-hbeba79b_4.conda
  sha256: 857d89087ae7f2c328cf256728affcb7343031a148b4af847334d248a9cf564c
  md5: 90a01bf394d1c594e0eb9258f967d828
  depends:
  - __osx >=11.0
  - libzlib >=1.3.2,<2.0a0
  license: TCL
  run_exports:
    weak:
    - tk >=8.6.13,<8.7.0a0
  size: 3342183
  timestamp: 1787272852357
- conda: https://conda.anaconda.org/conda-forge/osx-arm64/tornado-6.5.8-py314h6c2aa35_0.conda
  sha256: 4af8e4394d249619b4f1641c82fd6c0a8b97d51991ca2986095bed400c2e5eb9
  md5: ab1bd70ec9c95d199f8ce456823004ab
  depends:
  - __osx >=11.0
  - python >=3.14,<3.15.0a0
  - python >=3.14,<3.15.0a0 *_cp314
  - python_abi 3.14.* *_cp314
  license: Apache-2.0
  license_family: Apache
  run_exports: {}
  size: 922067
  timestamp: 1786227125229
- conda: https://conda.anaconda.org/conda-forge/osx-arm64/zeromq-4.3.5-h10816f8_11.conda
  sha256: 01fd50d2801b23b59fafea6bf704a6c5faf0f5969104400eae0e6572cb2e5304
  md5: d31c0e54c4f9c51100ec8c812ee925d1
  depends:
  - libcxx >=19
  - __osx >=11.0
  - krb5 >=1.22.2,<1.23.0a0
  - libsodium >=1.0.22,<1.0.23.0a0
  license: MPL-2.0
  license_family: MOZILLA
  run_exports:
    weak:
    - zeromq >=4.3.5,<4.4.0a0
  size: 245404
  timestamp: 1779124076307
- conda: https://conda.anaconda.org/conda-forge/osx-arm64/zstd-1.5.7-hf451053_7.conda
  sha256: da867f5092eb0cb746d353694f0098031fd9817a4ce7d5743121209ae0f406ca
  md5: 4ec2684c73812cc2c3d78379384a39cc
  depends:
  - __osx >=11.0
  - libzlib >=1.3.2,<2.0a0
  license: BSD-3-Clause
  license_family: BSD
  run_exports:
    weak:
    - zstd >=1.5.7,<1.6.0a0
  size: 433687
  timestamp: 1786599629846
- conda: https://conda.modular.com/max-nightly/noarch/mblack-26.6.0.dev2026083005-release.conda
  noarch: python
  sha256: b746e8a7c7653ed619ae85fca1fbd94fe98f5db4a967d8bb57a5d42e4b2b0ff7
  md5: e78de3e6973159cb35496929d28f3d6e
  depends:
  - python >=3.10
  - click >=8.0.0
  - mypy_extensions >=0.4.3
  - packaging >=22.0
  - pathspec >=1.1.0
  - platformdirs >=2
  - tomli >=1.1.0
  license: LicenseRef-Modular-Proprietary
  run_exports: {}
  size: 138098
  timestamp: 1788067459054
- conda: https://conda.modular.com/max-nightly/noarch/mojo-python-1.1.0.dev2026083005-release.conda
  noarch: python
  sha256: 8a2fb65ba130ba47fd076ab5f4802b07ea6202ce0dd327a5975db30f39f614d1
  md5: 524a1cd7203154ca244e151dc5d15e84
  depends:
  - python >=3.10
  license: LicenseRef-Modular-Proprietary
  run_exports: {}
  size: 24228
  timestamp: 1788067459801
- conda: https://conda.modular.com/max-nightly/osx-arm64/mojo-1.1.0.dev2026083005-release.conda
  sha256: a02410a20b073124481e5e7077423e14c37f21bdb35df84df2076b92b1c0e37d
  md5: 7cf4f4d5cbb8f57ff7e8cd124269098b
  depends:
  - python >=3.10
  - mojo-compiler ==1.1.0.dev2026083005
  - mblack ==26.6.0.dev2026083005
  - jupyter_client >=8.6.2,<8.7
  license: LicenseRef-Modular-Proprietary
  run_exports: {}
  size: 102380703
  timestamp: 1788067768768
- conda: https://conda.modular.com/max-nightly/osx-arm64/mojo-compiler-1.1.0.dev2026083005-release.conda
  sha256: 1809857ec9b7d11feb1db4d63eb79572ce4b0e849080b3f3036845ab71476730
  md5: 4ca0d068711d3cec6d43aa021f40575a
  depends:
  - mojo-python ==1.1.0.dev2026083005
  license: LicenseRef-Modular-Proprietary
  run_exports: {}
  size: 62015458
  timestamp: 1788067751730
